Microsoft Visual Studio Solution File, Format Version 11.00
# Visual Studio 2008

Project("{4025C428-4E54-0A2A-74BF-78A09E16514B}") = "Project0928", "Assembly-CSharp.csproj", "{C8ADBF7F-C7B6-A00A-9A89-B96F6D402535}"
EndProject
Project("{4025C428-4E54-0A2A-74BF-78A09E16514B}") = "Project0928", "Assembly-CSharp-Editor.csproj", "{3BC608B2-CA88-573D-DE93-08CF8FC4FAF0}"
EndProject
Project("{4025C428-4E54-0A2A-74BF-78A09E16514B}") = "Project0928", "Assembly-UnityScript-Editor-firstpass.unityproj", "{C1E89A14-2703-925F-102D-FE889F6E1356}"
EndProject
Global
	GlobalSection(SolutionConfigurationPlatforms) = preSolution
		Debug|Any CPU = Debug|Any CPU
		Release|Any CPU = Release|Any CPU
	EndGlobalSection
	GlobalSection(ProjectConfigurationPlatforms) = postSolution
		{C8ADBF7F-C7B6-A00A-9A89-B96F6D402535}.Debug|Any CPU.ActiveCfg = Debug|Any CPU
		{C8ADBF7F-C7B6-A00A-9A89-B96F6D402535}.Debug|Any CPU.Build.0 = Debug|Any CPU
		{C8ADBF7F-C7B6-A00A-9A89-B96F6D402535}.Release|Any CPU.ActiveCfg = Release|Any CPU
		{C8ADBF7F-C7B6-A00A-9A89-B96F6D402535}.Release|Any CPU.Build.0 = Release|Any CPU
		{3BC608B2-CA88-573D-DE93-08CF8FC4FAF0}.Debug|Any CPU.ActiveCfg = Debug|Any CPU
		{3BC608B2-CA88-573D-DE93-08CF8FC4FAF0}.Debug|Any CPU.Build.0 = Debug|Any CPU
		{3BC608B2-CA88-573D-DE93-08CF8FC4FAF0}.Release|Any CPU.ActiveCfg = Release|Any CPU
		{3BC608B2-CA88-573D-DE93-08CF8FC4FAF0}.Release|Any CPU.Build.0 = Release|Any CPU
		{C1E89A14-2703-925F-102D-FE889F6E1356}.Debug|Any CPU.ActiveCfg = Debug|Any CPU
		{C1E89A14-2703-925F-102D-FE889F6E1356}.Debug|Any CPU.Build.0 = Debug|Any CPU
		{C1E89A14-2703-925F-102D-FE889F6E1356}.Release|Any CPU.ActiveCfg = Release|Any CPU
		{C1E89A14-2703-925F-102D-FE889F6E1356}.Release|Any CPU.Build.0 = Release|Any CPU
	EndGlobalSection
	GlobalSection(SolutionProperties) = preSolution
		HideSolutionNode = FALSE
	EndGlobalSection
																																													GlobalSection(MonoDevelopProperties) = preSolution
		StartupItem = Assembly-CSharp.csproj
		Policies = $0
		$0.TextStylePolicy = $1
		$1.inheritsSet = null
		$1.scope = text/x-csharp
		$0.CSharpFormattingPolicy = $2
		$2.inheritsSet = Mono
		$2.inheritsScope = text/x-csharp
		$2.scope = text/x-csharp
		$0.TextStylePolicy = $3
		$3.FileWidth = 120
		$3.TabWidth = 4
		$3.IndentWidth = 4
		$3.EolMarker = Unix
		$3.inheritsSet = Mono
		$3.inheritsScope = text/plain
		$3.scope = text/plain
	EndGlobalSection

EndGlobal
